
Microsoft Visual Studio Solution File, Format Version 12.00
# Visual Studio Version 16
VisualStudioVersion = 16.0.30320.27
MinimumVisualStudioVersion = 10.0.40219.1
Project("{FAE04EC0-301F-11D3-BF4B-00C04F79EFBC}") = "AirRoutesGraph", "AirRoutesGraph\AirRoutesGraph.csproj", "{267CC5F3-274C-4516-90F8-C6D2FDE37044}"
EndProject
Global
	GlobalSection(SolutionConfigurationPlatforms) = preSolution
		Debug|Any CPU = Debug|Any CPU
		Release|Any CPU = Release|Any CPU
	EndGlobalSection
	GlobalSection(ProjectConfigurationPlatforms) = postSolution
		{267CC5F3-274C-4516-90F8-C6D2FDE37044}.Debug|Any CPU.ActiveCfg = Debug|Any CPU
		{267CC5F3-274C-4516-90F8-C6D2FDE37044}.Debug|Any CPU.Build.0 = Debug|Any CPU
		{267CC5F3-274C-4516-90F8-C6D2FDE37044}.Release|Any CPU.ActiveCfg = Release|Any CPU
		{267CC5F3-274C-4516-90F8-C6D2FDE37044}.Release|Any CPU.Build.0 = Release|Any CPU
	EndGlobalSection
	GlobalSection(SolutionProperties) = preSolution
		HideSolutionNode = FALSE
	EndGlobalSection
	GlobalSection(ExtensibilityGlobals) = postSolution
		SolutionGuid = {9FAD5B75-26A0-4045-B7E2-FB5A19785CE9}
	EndGlobalSection
EndGlobal
