
Microsoft Visual Studio Solution File, Format Version 12.00
# Visual Studio Version 16
VisualStudioVersion = 16.0.30320.27
MinimumVisualStudioVersion = 10.0.40219.1
Project("{FAE04EC0-301F-11D3-BF4B-00C04F79EFBC}") = "Graph", "Graph\Graph.csproj", "{D3CA0B72-7627-4CC1-AD9A-52A8893AE05A}"
EndProject
Global
	GlobalSection(SolutionConfigurationPlatforms) = preSolution
		Debug|Any CPU = Debug|Any CPU
		Release|Any CPU = Release|Any CPU
	EndGlobalSection
	GlobalSection(ProjectConfigurationPlatforms) = postSolution
		{D3CA0B72-7627-4CC1-AD9A-52A8893AE05A}.Debug|Any CPU.ActiveCfg = Debug|Any CPU
		{D3CA0B72-7627-4CC1-AD9A-52A8893AE05A}.Debug|Any CPU.Build.0 = Debug|Any CPU
		{D3CA0B72-7627-4CC1-AD9A-52A8893AE05A}.Release|Any CPU.ActiveCfg = Release|Any CPU
		{D3CA0B72-7627-4CC1-AD9A-52A8893AE05A}.Release|Any CPU.Build.0 = Release|Any CPU
	EndGlobalSection
	GlobalSection(SolutionProperties) = preSolution
		HideSolutionNode = FALSE
	EndGlobalSection
	GlobalSection(ExtensibilityGlobals) = postSolution
		SolutionGuid = {70162D2B-8285-4574-9A55-AD2D19D8B631}
	EndGlobalSection
EndGlobal
